<?xml version="1.0" encoding="utf-8"?>
<Project ToolsVersion="4.0" xmlns="http://schemas.microsoft.com/developer/msbuild/2003">
  <ItemGroup>
    <Filter Include="Fichiers sources">
      <UniqueIdentifier>{4FC737F1-C7A5-4376-A066-2A32D752A2FF}</UniqueIdentifier>
      <Extensions>cpp;c;cc;cxx;c++;cppm;ixx;def;odl;idl;hpj;bat;asm;asmx</Extensions>
    </Filter>
    <Filter Include="Fichiers d%27en-tête">
      <UniqueIdentifier>{93995380-89BD-4b04-88EB-625FBE52EBFB}</UniqueIdentifier>
      <Extensions>h;hh;hpp;hxx;h++;hm;inl;inc;ipp;xsd</Extensions>
    </Filter>
    <Filter Include="Fichiers de ressources">
      <UniqueIdentifier>{67DA6AB6-F800-4c08-8B7A-83BB121AAD01}</UniqueIdentifier>
      <Extensions>rc;ico;cur;bmp;dlg;rc2;rct;bin;rgs;gif;jpg;jpeg;jpe;resx;tiff;tif;png;wav;mfcribbon-ms</Extensions>
    </Filter>
    <Filter Include="Fichiers sources\genetic">
      <UniqueIdentifier>{3144bc36-cd6d-4908-a744-ea4c8c617253}</UniqueIdentifier>
    </Filter>
    <Filter Include="Fichiers d%27en-tête\genetic">
      <UniqueIdentifier>{1a80af5c-db16-400c-b0d2-5e4523c66e68}</UniqueIdentifier>
    </Filter>
  </ItemGroup>
  <ItemGroup>
    <ClCompile Include="main.cpp">
      <Filter>Fichiers sources</Filter>
    </ClCompile>
    <ClCompile Include="Polyedre.cpp">
      <Filter>Fichiers sources</Filter>
    </ClCompile>
    <ClCompile Include="Face.cpp">
      <Filter>Fichiers sources</Filter>
    </ClCompile>
    <ClCompile Include="Point.cpp">
      <Filter>Fichiers sources</Filter>
    </ClCompile>
    <ClCompile Include="Plan.cpp">
      <Filter>Fichiers sources</Filter>
    </ClCompile>
    <ClCompile Include="Algorithm.cpp">
      <Filter>Fichiers sources</Filter>
    </ClCompile>
    <ClCompile Include="OBJFileHandler.cpp">
      <Filter>Fichiers sources</Filter>
    </ClCompile>
    <ClCompile Include="BruteForceAlgorithm.cpp">
      <Filter>Fichiers sources</Filter>
    </ClCompile>
    <ClCompile Include="RecuitSimuleAlgorithm.cpp">
      <Filter>Fichiers sources</Filter>
    </ClCompile>
    <ClCompile Include="GeneticAlgorithm\Selection.cpp">
      <Filter>Fichiers sources\genetic</Filter>
    </ClCompile>
    <ClCompile Include="GeneticAlgorithm\Population.cpp">
      <Filter>Fichiers sources\genetic</Filter>
    </ClCompile>
    <ClCompile Include="GeneticAlgorithm\Mutation.cpp">
      <Filter>Fichiers sources\genetic</Filter>
    </ClCompile>
    <ClCompile Include="GeneticAlgorithm.cpp">
      <Filter>Fichiers sources\genetic</Filter>
    </ClCompile>
    <ClCompile Include="GeneticAlgorithm\Crossover.cpp">
      <Filter>Fichiers sources\genetic</Filter>
    </ClCompile>
  </ItemGroup>
  <ItemGroup>
    <ClInclude Include="Polyedre.h">
      <Filter>Fichiers d%27en-tête</Filter>
    </ClInclude>
    <ClInclude Include="Face.h">
      <Filter>Fichiers d%27en-tête</Filter>
    </ClInclude>
    <ClInclude Include="Point.h">
      <Filter>Fichiers d%27en-tête</Filter>
    </ClInclude>
    <ClInclude Include="Plan.h">
      <Filter>Fichiers d%27en-tête</Filter>
    </ClInclude>
    <ClInclude Include="Algorithm.h">
      <Filter>Fichiers d%27en-tête</Filter>
    </ClInclude>
    <ClInclude Include="OBJFileHandler.h">
      <Filter>Fichiers d%27en-tête</Filter>
    </ClInclude>
    <ClInclude Include="BruteForceAlgorithm.h">
      <Filter>Fichiers d%27en-tête</Filter>
    </ClInclude>
    <ClInclude Include="RecuitSimuleAlgorithm.h">
      <Filter>Fichiers d%27en-tête</Filter>
    </ClInclude>
    <ClInclude Include="GeneticAlgorithm\Crossover.h">
      <Filter>Fichiers d%27en-tête\genetic</Filter>
    </ClInclude>
    <ClInclude Include="GeneticAlgorithm\Mutation.h">
      <Filter>Fichiers d%27en-tête\genetic</Filter>
    </ClInclude>
    <ClInclude Include="GeneticAlgorithm\Population.h">
      <Filter>Fichiers d%27en-tête\genetic</Filter>
    </ClInclude>
    <ClInclude Include="GeneticAlgorithm\Selection.h">
      <Filter>Fichiers d%27en-tête\genetic</Filter>
    </ClInclude>
    <ClInclude Include="GeneticAlgorithm.h">
      <Filter>Fichiers d%27en-tête\genetic</Filter>
    </ClInclude>
  </ItemGroup>
</Project>